lockfileVersion: '9.0'

settings:
  autoInstallPeers: true
  excludeLinksFromLockfile: false

importers:

  .:
    devDependencies:
      oxfmt:
        specifier: ^0.23.0
        version: 0.23.0
      oxlint:
        specifier: ^1.38.0
        version: 1.38.0
      svelte:
        specifier: ^5.46.1
        version: 5.46.1
      tsdown:
        specifier: ^0.18.3
        version: 0.18.3

packages:

  '@babel/generator@7.28.5':
    resolution: {integrity: sha512-3EwLFhZ38J4VyIP6WNtt2kUdW9dokXA9Cr4IVIFHuCpZ3H8/YFOl5JjZHisrn1fATPBmKKqXzDFvh9fUwHz6CQ==}
    engines: {node: '>=6.9.0'}

  '@babel/helper-string-parser@7.27.1':
    resolution: {integrity: sha512-qMlSxKbpRlAridDExk92nSobyDdpPijUq2DW6oDnUqd0iOGxmQjyqhMIihI9+zv4LPyZdRje2cavWPbCbWm3eA==}
    engines: {node: '>=6.9.0'}

  '@babel/helper-validator-identifier@7.28.5':
    resolution: {integrity: sha512-qSs4ifwzKJSV39ucNjsvc6WVHs6b7S03sOh2OcHF9UHfVPqWWALUsNUVzhSBiItjRZoLHx7nIarVjqKVusUZ1Q==}
    engines: {node: '>=6.9.0'}

  '@babel/parser@7.28.5':
    resolution: {integrity: sha512-KKBU1VGYR7ORr3At5HAtUQ+TV3SzRCXmA/8OdDZiLDBIZxVyzXuztPjfLd3BV1PRAQGCMWWSHYhL0F8d5uHBDQ==}
    engines: {node: '>=6.0.0'}
    hasBin: true

  '@babel/types@7.28.5':
    resolution: {integrity: sha512-qQ5m48eI/MFLQ5PxQj4PFaprjyCTLI37ElWMmNs0K8Lk3dVeOdNpB3ks8jc7yM5CDmVC73eMVk/trk3fgmrUpA==}
    engines: {node: '>=6.9.0'}

  '@emnapi/core@1.7.1':
    resolution: {integrity: sha512-o1uhUASyo921r2XtHYOHy7gdkGLge8ghBEQHMWmyJFoXlpU58kIrhhN3w26lpQb6dspetweapMn2CSNwQ8I4wg==}

  '@emnapi/runtime@1.7.1':
    resolution: {integrity: sha512-PVtJr5CmLwYAU9PZDMITZoR5iAOShYREoR45EyyLrbntV50mdePTgUn4AmOw90Ifcj+x2kRjdzr1HP3RrNiHGA==}

  '@emnapi/wasi-threads@1.1.0':
    resolution: {integrity: sha512-WI0DdZ8xFSbgMjR1sFsKABJ/C5OnRrjT06JXbZKexJGrDuPTzZdDYfFlsgcCXCyf+suG5QU2e/y1Wo2V/OapLQ==}

  '@jridgewell/gen-mapping@0.3.13':
    resolution: {integrity: sha512-2kkt/7niJ6MgEPxF0bYdQ6etZaA+fQvDcLKckhy1yIQOzaoKjBBjSj63/aLVjYE3qhRt5dvM+uUyfCg6UKCBbA==}

  '@jridgewell/remapping@2.3.5':
    resolution: {integrity: sha512-LI9u/+laYG4Ds1TDKSJW2YPrIlcVYOwi2fUC6xB43lueCjgxV4lffOCZCtYFiH6TNOX+tQKXx97T4IKHbhyHEQ==}

  '@jridgewell/resolve-uri@3.1.2':
    resolution: {integrity: sha512-bRISgCIjP20/tbWSPWMEi54QVPRZExkuD9lJL+UIxUKtwVJA8wW1Trb1jMs1RFXo1CBTNZ/5hpC9QvmKWdopKw==}
    engines: {node: '>=6.0.0'}

  '@jridgewell/sourcemap-codec@1.5.5':
    resolution: {integrity: sha512-cYQ9310grqxueWbl+WuIUIaiUaDcj7WOq5fVhEljNVgRfOUhY9fy2zTvfoqWsnebh8Sl70VScFbICvJnLKB0Og==}

  '@jridgewell/trace-mapping@0.3.31':
    resolution: {integrity: sha512-zzNR+SdQSDJzc8joaeP8QQoCQr8NuYx2dIIytl1QeBEZHJ9uW6hebsrYgbz8hJwUQao3TWCMtmfV8Nu1twOLAw==}

  '@napi-rs/wasm-runtime@1.1.1':
    resolution: {integrity: sha512-p64ah1M1ld8xjWv3qbvFwHiFVWrq1yFvV4f7w+mzaqiR4IlSgkqhcRdHwsGgomwzBH51sRY4NEowLxnaBjcW/A==}

  '@oxc-project/types@0.103.0':
    resolution: {integrity: sha512-bkiYX5kaXWwUessFRSoXFkGIQTmc6dLGdxuRTrC+h8PSnIdZyuXHHlLAeTmOue5Br/a0/a7dHH0Gca6eXn9MKg==}

  '@oxfmt/darwin-arm64@0.23.0':
    resolution: {integrity: sha512-shGng2EjBspvuqtFtcjcKf0WoZ9QCdL8iLYgdOoKSiSQ9pPyLJ4jQf62yhm4b2PpZNVcV/20gV6d8SyKzg6SZQ==}
    cpu: [arm64]
    os: [darwin]

  '@oxfmt/darwin-x64@0.23.0':
    resolution: {integrity: sha512-DxQ7Hm7B+6JiIkiRU3CSJmM15nTJDDezyaAv+x9NN8BfU0C49O8JuZIFu1Lr9AKEPV+ECIYM2X4HU0xm6IdiMQ==}
    cpu: [x64]
    os: [darwin]

  '@oxfmt/linux-arm64-gnu@0.23.0':
    resolution: {integrity: sha512-7qTXPpENi45sEKsaYFit4VRywPVkX+ZJc5JVA17KW1coJ/SLUuRAdLjRipU+QTZsr1TF93HCmGFSlUjB7lmEVQ==}
    cpu: [arm64]
    os: [linux]

  '@oxfmt/linux-arm64-musl@0.23.0':
    resolution: {integrity: sha512-qkFXbf+K01B++j69o9mLvvyfhmmL4+qX7hGPA2PRDkE5xxuUTWdqboQQc1FgGI0teUlIYYyxjamq9UztL2A7NA==}
    cpu: [arm64]
    os: [linux]

  '@oxfmt/linux-x64-gnu@0.23.0':
    resolution: {integrity: sha512-J7Q13Ujyn8IgjHD96urA377GOy8HerxC13OrEyYaM8iwH3gc/EoboK9AKu0bxp9qai4btPFDhnkRnpCwJE9pAw==}
    cpu: [x64]
    os: [linux]

  '@oxfmt/linux-x64-musl@0.23.0':
    resolution: {integrity: sha512-3gb25Zk2/y4An8fi399KdpLkDYFTJEB5Nq/sSHmeXG0pZlR/jnKoXEFHsjU+9nqF2wsuZ+tmkoi/swcaGG8+Qg==}
    cpu: [x64]
    os: [linux]

  '@oxfmt/win32-arm64@0.23.0':
    resolution: {integrity: sha512-JKfRP2ENWwRZ73rMZFyChvRi/+oDEW+3obp1XIwecot8gvDHgGZ4nX3hTp4VPiBFL89JORMpWSKzJvjRDucJIw==}
    cpu: [arm64]
    os: [win32]

  '@oxfmt/win32-x64@0.23.0':
    resolution: {integrity: sha512-vgqtYK1X1n/KexCNQKWXao3hyOnmWuCzk2sQyCSpkLhjSNIDPm7dmnEkvOXhf1t0O5RjCwHpk2VB6Fuaq3GULg==}
    cpu: [x64]
    os: [win32]

  '@oxlint/darwin-arm64@1.38.0':
    resolution: {integrity: sha512-9rN3047QTyA4i73FKikDUBdczRcLtOsIwZ5TsEx5Q7jr5nBjolhYQOFQf9QdhBLdInxw1iX4+lgdMCf1g74zjg==}
    cpu: [arm64]
    os: [darwin]

  '@oxlint/darwin-x64@1.38.0':
    resolution: {integrity: sha512-Y1UHW4KOlg5NvyrSn/bVBQP8/LRuid7Pnu+BWGbAVVsFcK0b565YgMSO3Eu9nU3w8ke91dr7NFpUmS+bVkdkbw==}
    cpu: [x64]
    os: [darwin]

  '@oxlint/linux-arm64-gnu@1.38.0':
    resolution: {integrity: sha512-ZiVxPZizlXSnAMdkEFWX/mAj7U3bNiku8p6I9UgLrXzgGSSAhFobx8CaFGwVoKyWOd+gQgZ/ogCrunvx2k0CFg==}
    cpu: [arm64]
    os: [linux]

  '@oxlint/linux-arm64-musl@1.38.0':
    resolution: {integrity: sha512-ELtlCIGZ72A65ATZZHFxHMFrkRtY+DYDCKiNKg6v7u5PdeOFey+OlqRXgXtXlxWjCL+g7nivwI2FPVsWqf05Qw==}
    cpu: [arm64]
    os: [linux]

  '@oxlint/linux-x64-gnu@1.38.0':
    resolution: {integrity: sha512-E1OcDh30qyng1m0EIlsOuapYkqk5QB6o6IMBjvDKqIoo6IrjlVAasoJfS/CmSH998gXRL3BcAJa6Qg9IxPFZnQ==}
    cpu: [x64]
    os: [linux]

  '@oxlint/linux-x64-musl@1.38.0':
    resolution: {integrity: sha512-4AfpbM/4sQnr6S1dMijEPfsq4stQbN5vJ2jsahSy/QTcvIVbFkgY+RIhrA5UWlC6eb0rD5CdaPQoKGMJGeXpYw==}
    cpu: [x64]
    os: [linux]

  '@oxlint/win32-arm64@1.38.0':
    resolution: {integrity: sha512-OvUVYdI68OwXh3d1RjH9N/okCxb6PrOGtEtzXyqGA7Gk+IxyZcX0/QCTBwV8FNbSSzDePSSEHOKpoIB+VXdtvg==}
    cpu: [arm64]
    os: [win32]

  '@oxlint/win32-x64@1.38.0':
    resolution: {integrity: sha512-7IuZMYiZiOcgg5zHvpJY6jRlEwh8EB/uq7GsoQJO9hANq96TIjyntGByhIjFSsL4asyZmhTEki+MO/u5Fb/WQA==}
    cpu: [x64]
    os: [win32]

  '@quansync/fs@1.0.0':
    resolution: {integrity: sha512-4TJ3DFtlf1L5LDMaM6CanJ/0lckGNtJcMjQ1NAV6zDmA0tEHKZtxNKin8EgPaVX1YzljbxckyT2tJrpQKAtngQ==}

  '@rolldown/binding-android-arm64@1.0.0-beta.57':
    resolution: {integrity: sha512-GoOVDy8bjw9z1K30Oo803nSzXJS/vWhFijFsW3kzvZCO8IZwFnNa6pGctmbbJstKl3Fv6UBwyjJQN6msejW0IQ==}
    engines: {node: ^20.19.0 || >=22.12.0}
    cpu: [arm64]
    os: [android]

  '@rolldown/binding-darwin-arm64@1.0.0-beta.57':
    resolution: {integrity: sha512-9c4FOhRGpl+PX7zBK5p17c5efpF9aSpTPgyigv57hXf5NjQUaJOOiejPLAtFiKNBIfm5Uu6yFkvLKzOafNvlTw==}
    engines: {node: ^20.19.0 || >=22.12.0}
    cpu: [arm64]
    os: [darwin]

  '@rolldown/binding-darwin-x64@1.0.0-beta.57':
    resolution: {integrity: sha512-6RsB8Qy4LnGqNGJJC/8uWeLWGOvbRL/KG5aJ8XXpSEupg/KQtlBEiFaYU/Ma5Usj1s+bt3ItkqZYAI50kSplBA==}
    engines: {node: ^20.19.0 || >=22.12.0}
    cpu: [x64]
    os: [darwin]

  '@rolldown/binding-freebsd-x64@1.0.0-beta.57':
    resolution: {integrity: sha512-uA9kG7+MYkHTbqwv67Tx+5GV5YcKd33HCJIi0311iYBd25yuwyIqvJfBdt1VVB8tdOlyTb9cPAgfCki8nhwTQg==}
    engines: {node: ^20.19.0 || >=22.12.0}
    cpu: [x64]
    os: [freebsd]

  '@rolldown/binding-linux-arm-gnueabihf@1.0.0-beta.57':
    resolution: {integrity: sha512-3KkS0cHsllT2T+Te+VZMKHNw6FPQihYsQh+8J4jkzwgvAQpbsbXmrqhkw3YU/QGRrD8qgcOvBr6z5y6Jid+rmw==}
    engines: {node: ^20.19.0 || >=22.12.0}
    cpu: [arm]
    os: [linux]

  '@rolldown/binding-linux-arm64-gnu@1.0.0-beta.57':
    resolution: {integrity: sha512-A3/wu1RgsHhqP3rVH2+sM81bpk+Qd2XaHTl8LtX5/1LNR7QVBFBCpAoiXwjTdGnI5cMdBVi7Z1pi52euW760Fw==}
    engines: {node: ^20.19.0 || >=22.12.0}
    cpu: [arm64]
    os: [linux]

  '@rolldown/binding-linux-arm64-musl@1.0.0-beta.57':
    resolution: {integrity: sha512-d0kIVezTQtazpyWjiJIn5to8JlwfKITDqwsFv0Xc6s31N16CD2PC/Pl2OtKgS7n8WLOJbfqgIp5ixYzTAxCqMg==}
    engines: {node: ^20.19.0 || >=22.12.0}
    cpu: [arm64]
    os: [linux]

  '@rolldown/binding-linux-x64-gnu@1.0.0-beta.57':
    resolution: {integrity: sha512-E199LPijo98yrLjPCmETx8EF43sZf9t3guSrLee/ej1rCCc3zDVTR4xFfN9BRAapGVl7/8hYqbbiQPTkv73kUg==}
    engines: {node: ^20.19.0 || >=22.12.0}
    cpu: [x64]
    os: [linux]

  '@rolldown/binding-linux-x64-musl@1.0.0-beta.57':
    resolution: {integrity: sha512-++EQDpk/UJ33kY/BNsh7A7/P1sr/jbMuQ8cE554ZIy+tCUWCivo9zfyjDUoiMdnxqX6HLJEqqGnbGQOvzm2OMQ==}
    engines: {node: ^20.19.0 || >=22.12.0}
    cpu: [x64]
    os: [linux]

  '@rolldown/binding-openharmony-arm64@1.0.0-beta.57':
    resolution: {integrity: sha512-voDEBcNqxbUv/GeXKFtxXVWA+H45P/8Dec4Ii/SbyJyGvCqV1j+nNHfnFUIiRQ2Q40DwPe/djvgYBs9PpETiMA==}
    engines: {node: ^20.19.0 || >=22.12.0}
    cpu: [arm64]
    os: [openharmony]

  '@rolldown/binding-wasm32-wasi@1.0.0-beta.57':
    resolution: {integrity: sha512-bRhcF7NLlCnpkzLVlVhrDEd0KH22VbTPkPTbMjlYvqhSmarxNIq5vtlQS8qmV7LkPKHrNLWyJW/V/sOyFba26Q==}
    engines: {node: '>=14.0.0'}
    cpu: [wasm32]

  '@rolldown/binding-win32-arm64-msvc@1.0.0-beta.57':
    resolution: {integrity: sha512-rnDVGRks2FQ2hgJ2g15pHtfxqkGFGjJQUDWzYznEkE8Ra2+Vag9OffxdbJMZqBWXHVM0iS4dv8qSiEn7bO+n1Q==}
    engines: {node: ^20.19.0 || >=22.12.0}
    cpu: [arm64]
    os: [win32]

  '@rolldown/binding-win32-x64-msvc@1.0.0-beta.57':
    resolution: {integrity: sha512-OqIUyNid1M4xTj6VRXp/Lht/qIP8fo25QyAZlCP+p6D2ATCEhyW4ZIFLnC9zAGN/HMbXoCzvwfa8Jjg/8J4YEg==}
    engines: {node: ^20.19.0 || >=22.12.0}
    cpu: [x64]
    os: [win32]

  '@rolldown/pluginutils@1.0.0-beta.57':
    resolution: {integrity: sha512-aQNelgx14tGA+n2tNSa9x6/jeoCL9fkDeCei7nOKnHx0fEFRRMu5ReiITo+zZD5TzWDGGRjbSYCs93IfRIyTuQ==}

  '@sveltejs/acorn-typescript@1.0.8':
    resolution: {integrity: sha512-esgN+54+q0NjB0Y/4BomT9samII7jGwNy/2a3wNZbT2A2RpmXsXwUt24LvLhx6jUq2gVk4cWEvcRO6MFQbOfNA==}
    peerDependencies:
      acorn: ^8.9.0

  '@tybys/wasm-util@0.10.1':
    resolution: {integrity: sha512-9tTaPJLSiejZKx+Bmog4uSubteqTvFrVrURwkmHixBo0G4seD0zUxp98E1DzUBJxLQ3NPwXrGKDiVjwx/DpPsg==}

  '@types/estree@1.0.8':
    resolution: {integrity: sha512-dWHzHa2WqEXI/O1E9OjrocMTKJl2mSrEolh1Iomrv6U+JuNwaHXsXx9bLu5gG7BUWFIN0skIQJQ/L1rIex4X6w==}

  acorn@8.15.0:
    resolution: {integrity: sha512-NZyJarBfL7nWwIq+FDL6Zp/yHEhePMNnnJ0y3qfieCrmNvYct8uvtiV41UvlSe6apAfk0fY1FbWx+NwfmpvtTg==}
    engines: {node: '>=0.4.0'}
    hasBin: true

  ansis@4.2.0:
    resolution: {integrity: sha512-HqZ5rWlFjGiV0tDm3UxxgNRqsOTniqoKZu0pIAfh7TZQMGuZK+hH0drySty0si0QXj1ieop4+SkSfPZBPPkHig==}
    engines: {node: '>=14'}

  aria-query@5.3.2:
    resolution: {integrity: sha512-COROpnaoap1E2F000S62r6A60uHZnmlvomhfyT2DlTcrY1OrBKn2UhH7qn5wTC9zMvD0AY7csdPSNwKP+7WiQw==}
    engines: {node: '>= 0.4'}

  ast-kit@2.2.0:
    resolution: {integrity: sha512-m1Q/RaVOnTp9JxPX+F+Zn7IcLYMzM8kZofDImfsKZd8MbR+ikdOzTeztStWqfrqIxZnYWryyI9ePm3NGjnZgGw==}
    engines: {node: '>=20.19.0'}

  axobject-query@4.1.0:
    resolution: {integrity: sha512-qIj0G9wZbMGNLjLmg1PT6v2mE9AH2zlnADJD/2tC6E00hgmhUOfEB6greHPAfLRSufHqROIUTkw6E+M3lH0PTQ==}
    engines: {node: '>= 0.4'}

  birpc@4.0.0:
    resolution: {integrity: sha512-LShSxJP0KTmd101b6DRyGBj57LZxSDYWKitQNW/mi8GRMvZb078Uf9+pveax1DrVL89vm7mWe+TovdI/UDOuPw==}

  cac@6.7.14:
    resolution: {integrity: sha512-b6Ilus+c3RrdDk+JhLKUAQfzzgLEPy6wcXqS7f/xe1EETvsDP6GORG7SFuOs6cID5YkqchW/LXZbX5bc8j7ZcQ==}
    engines: {node: '>=8'}

  clsx@2.1.1:
    resolution: {integrity: sha512-eYm0QWBtUrBWZWG0d386OGAw16Z995PiOVo2B7bjWSbHedGl5e0ZWaq65kOGgUSNesEIDkB9ISbTg/JK9dhCZA==}
    engines: {node: '>=6'}

  defu@6.1.4:
    resolution: {integrity: sha512-mEQCMmwJu317oSz8CwdIOdwf3xMif1ttiM8LTufzc3g6kR+9Pe236twL8j3IYT1F7GfRgGcW6MWxzZjLIkuHIg==}

  devalue@5.6.1:
    resolution: {integrity: sha512-jDwizj+IlEZBunHcOuuFVBnIMPAEHvTsJj0BcIp94xYguLRVBcXO853px/MyIJvbVzWdsGvrRweIUWJw8hBP7A==}

  dts-resolver@2.1.3:
    resolution: {integrity: sha512-bihc7jPC90VrosXNzK0LTE2cuLP6jr0Ro8jk+kMugHReJVLIpHz/xadeq3MhuwyO4TD4OA3L1Q8pBBFRc08Tsw==}
    engines: {node: '>=20.19.0'}
    peerDependencies:
      oxc-resolver: '>=11.0.0'
    peerDependenciesMeta:
      oxc-resolver:
        optional: true

  empathic@2.0.0:
    resolution: {integrity: sha512-i6UzDscO/XfAcNYD75CfICkmfLedpyPDdozrLMmQc5ORaQcdMoc21OnlEylMIqI7U8eniKrPMxxtj8k0vhmJhA==}
    engines: {node: '>=14'}

  esm-env@1.2.2:
    resolution: {integrity: sha512-Epxrv+Nr/CaL4ZcFGPJIYLWFom+YeV1DqMLHJoEd9SYRxNbaFruBwfEX/kkHUJf55j2+TUbmDcmuilbP1TmXHA==}

  esrap@2.2.1:
    resolution: {integrity: sha512-GiYWG34AN/4CUyaWAgunGt0Rxvr1PTMlGC0vvEov/uOQYWne2bpN03Um+k8jT+q3op33mKouP2zeJ6OlM+qeUg==}

  fdir@6.5.0:
    resolution: {integrity: sha512-tIbYtZbucOs0BRGqPJkshJUYdL+SDH7dVM8gjy+ERp3WAUjLEFJE+02kanyHtwjWOnwrKYBiwAmM0p4kLJAnXg==}
    engines: {node: '>=12.0.0'}
    peerDependencies:
      picomatch: ^3 || ^4
    peerDependenciesMeta:
      picomatch:
        optional: true

  get-tsconfig@4.13.0:
    resolution: {integrity: sha512-1VKTZJCwBrvbd+Wn3AOgQP/2Av+TfTCOlE4AcRJE72W1ksZXbAx8PPBR9RzgTeSPzlPMHrbANMH3LbltH73wxQ==}

  hookable@6.0.1:
    resolution: {integrity: sha512-uKGyY8BuzN/a5gvzvA+3FVWo0+wUjgtfSdnmjtrOVwQCZPHpHDH2WRO3VZSOeluYrHoDCiXFffZXs8Dj1ULWtw==}

  import-without-cache@0.2.5:
    resolution: {integrity: sha512-B6Lc2s6yApwnD2/pMzFh/d5AVjdsDXjgkeJ766FmFuJELIGHNycKRj+l3A39yZPM4CchqNCB4RITEAYB1KUM6A==}
    engines: {node: '>=20.19.0'}

  is-reference@3.0.3:
    resolution: {integrity: sha512-ixkJoqQvAP88E6wLydLGGqCJsrFUnqoH6HnaczB8XmDH1oaWU+xxdptvikTgaEhtZ53Ky6YXiBuUI2WXLMCwjw==}

  jsesc@3.1.0:
    resolution: {integrity: sha512-/sM3dO2FOzXjKQhJuo0Q173wf2KOo8t4I8vHy6lF9poUp7bKT0/NHE8fPX23PwfhnykfqnC2xRxOnVw5XuGIaA==}
    engines: {node: '>=6'}
    hasBin: true

  locate-character@3.0.0:
    resolution: {integrity: sha512-SW13ws7BjaeJ6p7Q6CO2nchbYEc3X3J6WrmTTDto7yMPqVSZTUyY5Tjbid+Ab8gLnATtygYtiDIJGQRRn2ZOiA==}

  magic-string@0.30.21:
    resolution: {integrity: sha512-vd2F4YUyEXKGcLHoq+TEyCjxueSeHnFxyyjNp80yg0XV4vUhnDer/lvvlqM/arB5bXQN5K2/3oinyCRyx8T2CQ==}

  obug@2.1.1:
    resolution: {integrity: sha512-uTqF9MuPraAQ+IsnPf366RG4cP9RtUi7MLO1N3KEc+wb0a6yKpeL0lmk2IB1jY5KHPAlTc6T/JRdC/YqxHNwkQ==}

  oxfmt@0.23.0:
    resolution: {integrity: sha512-dh4rlNBua93aVf2ZaDecbQxVLMnUUTvDi1K1fdvBdontQeEf6K22Z1KQg5QKl2D9aNFeFph+wOVwcjjYUIO6Mw==}
    engines: {node: ^20.19.0 || >=22.12.0}
    hasBin: true

  oxlint@1.38.0:
    resolution: {integrity: sha512-XT7tBinQS+hVLxtfJOnokJ9qVBiQvZqng40tDgR6qEJMRMnpVq/JwYfbYyGntSq8MO+Y+N9M1NG4bAMFUtCJiw==}
    engines: {node: ^20.19.0 || >=22.12.0}
    hasBin: true
    peerDependencies:
      oxlint-tsgolint: '>=0.10.0'
    peerDependenciesMeta:
      oxlint-tsgolint:
        optional: true

  pathe@2.0.3:
    resolution: {integrity: sha512-WUjGcAqP1gQacoQe+OBJsFA7Ld4DyXuUIjZ5cc75cLHvJ7dtNsTugphxIADwspS+AraAUePCKrSVtPLFj/F88w==}

  picomatch@4.0.3:
    resolution: {integrity: sha512-5gTmgEY/sqK6gFXLIsQNH19lWb4ebPDLA4SdLP7dsWkIXHWlG66oPuVvXSGFPppYZz8ZDZq0dYYrbHfBCVUb1Q==}
    engines: {node: '>=12'}

  quansync@1.0.0:
    resolution: {integrity: sha512-5xZacEEufv3HSTPQuchrvV6soaiACMFnq1H8wkVioctoH3TRha9Sz66lOxRwPK/qZj7HPiSveih9yAyh98gvqA==}

  resolve-pkg-maps@1.0.0:
    resolution: {integrity: sha512-seS2Tj26TBVOC2NIc2rOe2y2ZO7efxITtLZcGSOnHHNOQ7CkiUBfw0Iw2ck6xkIhPwLhKNLS8BO+hEpngQlqzw==}

  rolldown-plugin-dts@0.20.0:
    resolution: {integrity: sha512-cLAY1kN2ilTYMfZcFlGWbXnu6Nb+8uwUBsi+Mjbh4uIx7IN8uMOmJ7RxrrRgPsO4H7eSz3E+JwGoL1gyugiyUA==}
    engines: {node: '>=20.19.0'}
    peerDependencies:
      '@ts-macro/tsc': ^0.3.6
      '@typescript/native-preview': '>=7.0.0-dev.20250601.1'
      rolldown: ^1.0.0-beta.57
      typescript: ^5.0.0
      vue-tsc: ~3.2.0
    peerDependenciesMeta:
      '@ts-macro/tsc':
        optional: true
      '@typescript/native-preview':
        optional: true
      typescript:
        optional: true
      vue-tsc:
        optional: true

  rolldown@1.0.0-beta.57:
    resolution: {integrity: sha512-lMMxcNN71GMsSko8RyeTaFoATHkCh4IWU7pYF73ziMYjhHZWfVesC6GQ+iaJCvZmVjvgSks9Ks1aaqEkBd8udg==}
    engines: {node: ^20.19.0 || >=22.12.0}
    hasBin: true

  semver@7.7.3:
    resolution: {integrity: sha512-SdsKMrI9TdgjdweUSR9MweHA4EJ8YxHn8DFaDisvhVlUOe4BF1tLD7GAj0lIqWVl+dPb/rExr0Btby5loQm20Q==}
    engines: {node: '>=10'}
    hasBin: true

  svelte@5.46.1:
    resolution: {integrity: sha512-ynjfCHD3nP2el70kN5Pmg37sSi0EjOm9FgHYQdC4giWG/hzO3AatzXXJJgP305uIhGQxSufJLuYWtkY8uK/8RA==}
    engines: {node: '>=18'}

  tinyexec@1.0.2:
    resolution: {integrity: sha512-W/KYk+NFhkmsYpuHq5JykngiOCnxeVL8v8dFnqxSD8qEEdRfXk1SDM6JzNqcERbcGYj9tMrDQBYV9cjgnunFIg==}
    engines: {node: '>=18'}

  tinyglobby@0.2.15:
    resolution: {integrity: sha512-j2Zq4NyQYG5XMST4cbs02Ak8iJUdxRM0XI5QyxXuZOzKOINmWurp3smXu3y5wDcJrptwpSjgXHzIQxR0omXljQ==}
    engines: {node: '>=12.0.0'}

  tinypool@2.0.0:
    resolution: {integrity: sha512-/RX9RzeH2xU5ADE7n2Ykvmi9ED3FBGPAjw9u3zucrNNaEBIO0HPSYgL0NT7+3p147ojeSdaVu08F6hjpv31HJg==}
    engines: {node: ^20.0.0 || >=22.0.0}

  tree-kill@1.2.2:
    resolution: {integrity: sha512-L0Orpi8qGpRG//Nd+H90vFB+3iHnue1zSSGmNOOCh1GLJ7rUKVwV2HvijphGQS2UmhUZewS9VgvxYIdgr+fG1A==}
    hasBin: true

  tsdown@0.18.3:
    resolution: {integrity: sha512-OVFzktKDTglFAUh/WO8WamBUbZoBlJ9m7NgZZrVyIKe32BfXBeRZ+soFFpuOGVP8g8OU4tOLOpTyPTELWvcTFw==}
    engines: {node: '>=20.19.0'}
    hasBin: true
    peerDependencies:
      '@arethetypeswrong/core': ^0.18.1
      '@vitejs/devtools': '*'
      publint: ^0.3.0
      typescript: ^5.0.0
      unplugin-lightningcss: ^0.4.0
      unplugin-unused: ^0.5.0
    peerDependenciesMeta:
      '@arethetypeswrong/core':
        optional: true
      '@vitejs/devtools':
        optional: true
      publint:
        optional: true
      typescript:
        optional: true
      unplugin-lightningcss:
        optional: true
      unplugin-unused:
        optional: true

  tslib@2.8.1:
    resolution: {integrity: sha512-oJFu94HQb+KVduSUQL7wnpmqnfmLsOA/nAh6b6EH0wCEoK0/mPeXU6c3wKDV83MkOuHPRHtSXKKU99IBazS/2w==}

  unconfig-core@7.4.2:
    resolution: {integrity: sha512-VgPCvLWugINbXvMQDf8Jh0mlbvNjNC6eSUziHsBCMpxR05OPrNrvDnyatdMjRgcHaaNsCqz+wjNXxNw1kRLHUg==}

  unrun@0.2.21:
    resolution: {integrity: sha512-VuwI4YKtwBpDvM7hCEop2Im/ezS82dliqJpkh9pvS6ve8HcUsBDvESHxMmUfImXR03GkmfdDynyrh/pUJnlguw==}
    engines: {node: '>=20.19.0'}
    hasBin: true
    peerDependencies:
      synckit: ^0.11.11
    peerDependenciesMeta:
      synckit:
        optional: true

  zimmerframe@1.1.4:
    resolution: {integrity: sha512-B58NGBEoc8Y9MWWCQGl/gq9xBCe4IiKM0a2x7GZdQKOW5Exr8S1W24J6OgM1njK8xCRGvAJIL/MxXHf6SkmQKQ==}

snapshots:

  '@babel/generator@7.28.5':
    dependencies:
      '@babel/parser': 7.28.5
      '@babel/types': 7.28.5
      '@jridgewell/gen-mapping': 0.3.13
      '@jridgewell/trace-mapping': 0.3.31
      jsesc: 3.1.0

  '@babel/helper-string-parser@7.27.1': {}

  '@babel/helper-validator-identifier@7.28.5': {}

  '@babel/parser@7.28.5':
    dependencies:
      '@babel/types': 7.28.5

  '@babel/types@7.28.5':
    dependencies:
      '@babel/helper-string-parser': 7.27.1
      '@babel/helper-validator-identifier': 7.28.5

  '@emnapi/core@1.7.1':
    dependencies:
      '@emnapi/wasi-threads': 1.1.0
      tslib: 2.8.1
    optional: true

  '@emnapi/runtime@1.7.1':
    dependencies:
      tslib: 2.8.1
    optional: true

  '@emnapi/wasi-threads@1.1.0':
    dependencies:
      tslib: 2.8.1
    optional: true

  '@jridgewell/gen-mapping@0.3.13':
    dependencies:
      '@jridgewell/sourcemap-codec': 1.5.5
      '@jridgewell/trace-mapping': 0.3.31

  '@jridgewell/remapping@2.3.5':
    dependencies:
      '@jridgewell/gen-mapping': 0.3.13
      '@jridgewell/trace-mapping': 0.3.31

  '@jridgewell/resolve-uri@3.1.2': {}

  '@jridgewell/sourcemap-codec@1.5.5': {}

  '@jridgewell/trace-mapping@0.3.31':
    dependencies:
      '@jridgewell/resolve-uri': 3.1.2
      '@jridgewell/sourcemap-codec': 1.5.5

  '@napi-rs/wasm-runtime@1.1.1':
    dependencies:
      '@emnapi/core': 1.7.1
      '@emnapi/runtime': 1.7.1
      '@tybys/wasm-util': 0.10.1
    optional: true

  '@oxc-project/types@0.103.0': {}

  '@oxfmt/darwin-arm64@0.23.0':
    optional: true

  '@oxfmt/darwin-x64@0.23.0':
    optional: true

  '@oxfmt/linux-arm64-gnu@0.23.0':
    optional: true

  '@oxfmt/linux-arm64-musl@0.23.0':
    optional: true

  '@oxfmt/linux-x64-gnu@0.23.0':
    optional: true

  '@oxfmt/linux-x64-musl@0.23.0':
    optional: true

  '@oxfmt/win32-arm64@0.23.0':
    optional: true

  '@oxfmt/win32-x64@0.23.0':
    optional: true

  '@oxlint/darwin-arm64@1.38.0':
    optional: true

  '@oxlint/darwin-x64@1.38.0':
    optional: true

  '@oxlint/linux-arm64-gnu@1.38.0':
    optional: true

  '@oxlint/linux-arm64-musl@1.38.0':
    optional: true

  '@oxlint/linux-x64-gnu@1.38.0':
    optional: true

  '@oxlint/linux-x64-musl@1.38.0':
    optional: true

  '@oxlint/win32-arm64@1.38.0':
    optional: true

  '@oxlint/win32-x64@1.38.0':
    optional: true

  '@quansync/fs@1.0.0':
    dependencies:
      quansync: 1.0.0

  '@rolldown/binding-android-arm64@1.0.0-beta.57':
    optional: true

  '@rolldown/binding-darwin-arm64@1.0.0-beta.57':
    optional: true

  '@rolldown/binding-darwin-x64@1.0.0-beta.57':
    optional: true

  '@rolldown/binding-freebsd-x64@1.0.0-beta.57':
    optional: true

  '@rolldown/binding-linux-arm-gnueabihf@1.0.0-beta.57':
    optional: true

  '@rolldown/binding-linux-arm64-gnu@1.0.0-beta.57':
    optional: true

  '@rolldown/binding-linux-arm64-musl@1.0.0-beta.57':
    optional: true

  '@rolldown/binding-linux-x64-gnu@1.0.0-beta.57':
    optional: true

  '@rolldown/binding-linux-x64-musl@1.0.0-beta.57':
    optional: true

  '@rolldown/binding-openharmony-arm64@1.0.0-beta.57':
    optional: true

  '@rolldown/binding-wasm32-wasi@1.0.0-beta.57':
    dependencies:
      '@napi-rs/wasm-runtime': 1.1.1
    optional: true

  '@rolldown/binding-win32-arm64-msvc@1.0.0-beta.57':
    optional: true

  '@rolldown/binding-win32-x64-msvc@1.0.0-beta.57':
    optional: true

  '@rolldown/pluginutils@1.0.0-beta.57': {}

  '@sveltejs/acorn-typescript@1.0.8(acorn@8.15.0)':
    dependencies:
      acorn: 8.15.0

  '@tybys/wasm-util@0.10.1':
    dependencies:
      tslib: 2.8.1
    optional: true

  '@types/estree@1.0.8': {}

  acorn@8.15.0: {}

  ansis@4.2.0: {}

  aria-query@5.3.2: {}

  ast-kit@2.2.0:
    dependencies:
      '@babel/parser': 7.28.5
      pathe: 2.0.3

  axobject-query@4.1.0: {}

  birpc@4.0.0: {}

  cac@6.7.14: {}

  clsx@2.1.1: {}

  defu@6.1.4: {}

  devalue@5.6.1: {}

  dts-resolver@2.1.3: {}

  empathic@2.0.0: {}

  esm-env@1.2.2: {}

  esrap@2.2.1:
    dependencies:
      '@jridgewell/sourcemap-codec': 1.5.5

  fdir@6.5.0(picomatch@4.0.3):
    optionalDependencies:
      picomatch: 4.0.3

  get-tsconfig@4.13.0:
    dependencies:
      resolve-pkg-maps: 1.0.0

  hookable@6.0.1: {}

  import-without-cache@0.2.5: {}

  is-reference@3.0.3:
    dependencies:
      '@types/estree': 1.0.8

  jsesc@3.1.0: {}

  locate-character@3.0.0: {}

  magic-string@0.30.21:
    dependencies:
      '@jridgewell/sourcemap-codec': 1.5.5

  obug@2.1.1: {}

  oxfmt@0.23.0:
    dependencies:
      tinypool: 2.0.0
    optionalDependencies:
      '@oxfmt/darwin-arm64': 0.23.0
      '@oxfmt/darwin-x64': 0.23.0
      '@oxfmt/linux-arm64-gnu': 0.23.0
      '@oxfmt/linux-arm64-musl': 0.23.0
      '@oxfmt/linux-x64-gnu': 0.23.0
      '@oxfmt/linux-x64-musl': 0.23.0
      '@oxfmt/win32-arm64': 0.23.0
      '@oxfmt/win32-x64': 0.23.0

  oxlint@1.38.0:
    optionalDependencies:
      '@oxlint/darwin-arm64': 1.38.0
      '@oxlint/darwin-x64': 1.38.0
      '@oxlint/linux-arm64-gnu': 1.38.0
      '@oxlint/linux-arm64-musl': 1.38.0
      '@oxlint/linux-x64-gnu': 1.38.0
      '@oxlint/linux-x64-musl': 1.38.0
      '@oxlint/win32-arm64': 1.38.0
      '@oxlint/win32-x64': 1.38.0

  pathe@2.0.3: {}

  picomatch@4.0.3: {}

  quansync@1.0.0: {}

  resolve-pkg-maps@1.0.0: {}

  rolldown-plugin-dts@0.20.0(rolldown@1.0.0-beta.57):
    dependencies:
      '@babel/generator': 7.28.5
      '@babel/parser': 7.28.5
      '@babel/types': 7.28.5
      ast-kit: 2.2.0
      birpc: 4.0.0
      dts-resolver: 2.1.3
      get-tsconfig: 4.13.0
      obug: 2.1.1
      rolldown: 1.0.0-beta.57
    transitivePeerDependencies:
      - oxc-resolver

  rolldown@1.0.0-beta.57:
    dependencies:
      '@oxc-project/types': 0.103.0
      '@rolldown/pluginutils': 1.0.0-beta.57
    optionalDependencies:
      '@rolldown/binding-android-arm64': 1.0.0-beta.57
      '@rolldown/binding-darwin-arm64': 1.0.0-beta.57
      '@rolldown/binding-darwin-x64': 1.0.0-beta.57
      '@rolldown/binding-freebsd-x64': 1.0.0-beta.57
      '@rolldown/binding-linux-arm-gnueabihf': 1.0.0-beta.57
      '@rolldown/binding-linux-arm64-gnu': 1.0.0-beta.57
      '@rolldown/binding-linux-arm64-musl': 1.0.0-beta.57
      '@rolldown/binding-linux-x64-gnu': 1.0.0-beta.57
      '@rolldown/binding-linux-x64-musl': 1.0.0-beta.57
      '@rolldown/binding-openharmony-arm64': 1.0.0-beta.57
      '@rolldown/binding-wasm32-wasi': 1.0.0-beta.57
      '@rolldown/binding-win32-arm64-msvc': 1.0.0-beta.57
      '@rolldown/binding-win32-x64-msvc': 1.0.0-beta.57

  semver@7.7.3: {}

  svelte@5.46.1:
    dependencies:
      '@jridgewell/remapping': 2.3.5
      '@jridgewell/sourcemap-codec': 1.5.5
      '@sveltejs/acorn-typescript': 1.0.8(acorn@8.15.0)
      '@types/estree': 1.0.8
      acorn: 8.15.0
      aria-query: 5.3.2
      axobject-query: 4.1.0
      clsx: 2.1.1
      devalue: 5.6.1
      esm-env: 1.2.2
      esrap: 2.2.1
      is-reference: 3.0.3
      locate-character: 3.0.0
      magic-string: 0.30.21
      zimmerframe: 1.1.4

  tinyexec@1.0.2: {}

  tinyglobby@0.2.15:
    dependencies:
      fdir: 6.5.0(picomatch@4.0.3)
      picomatch: 4.0.3

  tinypool@2.0.0: {}

  tree-kill@1.2.2: {}

  tsdown@0.18.3:
    dependencies:
      ansis: 4.2.0
      cac: 6.7.14
      defu: 6.1.4
      empathic: 2.0.0
      hookable: 6.0.1
      import-without-cache: 0.2.5
      obug: 2.1.1
      picomatch: 4.0.3
      rolldown: 1.0.0-beta.57
      rolldown-plugin-dts: 0.20.0(rolldown@1.0.0-beta.57)
      semver: 7.7.3
      tinyexec: 1.0.2
      tinyglobby: 0.2.15
      tree-kill: 1.2.2
      unconfig-core: 7.4.2
      unrun: 0.2.21
    transitivePeerDependencies:
      - '@ts-macro/tsc'
      - '@typescript/native-preview'
      - oxc-resolver
      - synckit
      - vue-tsc

  tslib@2.8.1:
    optional: true

  unconfig-core@7.4.2:
    dependencies:
      '@quansync/fs': 1.0.0
      quansync: 1.0.0

  unrun@0.2.21:
    dependencies:
      rolldown: 1.0.0-beta.57

  zimmerframe@1.1.4: {}
